{
  "name": "@stackline/react-loading-docs-react19-19-0-0",
  "version": "1.0.0",
  "lockfileVersion": 3,
  "requires": true,
  "packages": {
    "": {
      "name": "@stackline/react-loading-docs-react19-19-0-0",
      "version": "1.0.0",
      "dependencies": {
        "@stackline/loading": "file:../../../../../loading/loading",
        "@stackline/react-loading": "file:../../..",
        "react": "19.0.0",
        "react-dom": "19.0.0"
      },
      "devDependencies": {}
    },
    "../../..": {
      "name": "@stackline/react-loading",
      "version": "19.0.1",
      "license": "MIT",
      "dependencies": {
        "@stackline/loading": "^0.1.1"
      },
      "devDependencies": {
        "@types/react": "19.2.14",
        "@types/react-dom": "19.2.3",
        "react": "19.2.4",
        "react-dom": "19.2.4",
        "tsup": "8.5.1",
        "typescript": "5.9.3"
      },
      "peerDependencies": {
        "react": ">=17.0.0 <20.0.0",
        "react-dom": ">=17.0.0 <20.0.0"
      }
    },
    "../../../../../loading/loading": {
      "name": "@stackline/loading",
      "version": "0.1.1",
      "license": "MIT",
      "devDependencies": {
        "@types/node": "^20.0.0",
        "jsdom": "^26.0.0",
        "tsup": "^8.0.0",
        "typescript": "^5.0.0",
        "vite": "^5.0.0",
        "vitest": "^3.0.0"
      }
    },
    "node_modules/@stackline/loading": {
      "resolved": "../../../../../loading/loading",
      "link": true
    },
    "node_modules/@stackline/react-loading": {
      "resolved": "../../..",
      "link": true
    },
    "node_modules/react": {
      "version": "19.0.0",
      "resolved": "https://registry.npmjs.org/react/-/react-19.0.0.tgz",
      "integrity": "sha512-V8AVnmPIICiWpGfm6GLzCR/W5FXLchHop40W4nXBmdlEceh16rCN8O8LNWm5bh5XUX91fh7KpA+W0TgMKmgTpQ==",
      "license": "MIT",
      "engines": {
        "node": ">=0.10.0"
      }
    },
    "node_modules/react-dom": {
      "version": "19.0.0",
      "resolved": "https://registry.npmjs.org/react-dom/-/react-dom-19.0.0.tgz",
      "integrity": "sha512-4GV5sHFG0e/0AD4X+ySy6UJd3jVl1iNsNHdpad0qhABJ11twS3TTBnseqsKurKcsNqCEFeGL3uLpVChpIO3QfQ==",
      "license": "MIT",
      "dependencies": {
        "scheduler": "^0.25.0"
      },
      "peerDependencies": {
        "react": "^19.0.0"
      }
    },
    "node_modules/scheduler": {
      "version": "0.25.0",
      "resolved": "https://registry.npmjs.org/scheduler/-/scheduler-0.25.0.tgz",
      "integrity": "sha512-xFVuu11jh+xcO7JOAGJNOXld8/TcEHK/4CituBUeUb5hqxJLj9YuemAEuvm9gQ/+pgXYfbQuqAkiYu+u7YEsNA==",
      "license": "MIT"
    }
  }
}
